// !$*UTF8*$!
{
	archiveVersion = 1;
	classes = {
	};
	objectVersion = 56;
	objects = {

/* Begin PBXBuildFile section */
		CBCCC21129F35C9200FFB9E0 /* GitHub_PairsApp.swift in Sources */ = {isa = PBXBuildFile; fileRef = CBCCC21029F35C9200FFB9E0 /* GitHub_PairsApp.swift */; };
		CBCCC21329F35C9200FFB9E0 /* ContentView.swift in Sources */ = {isa = PBXBuildFile; fileRef = CBCCC21229F35C9200FFB9E0 /* ContentView.swift */; };
		CBCCC21529F35C9400FFB9E0 /* Assets.xcassets in Resources */ = {isa = PBXBuildFile; fileRef = CBCCC21429F35C9400FFB9E0 /* Assets.xcassets */; };
		CBCCC21829F35C9400FFB9E0 /* Preview Assets.xcassets in Resources */ = {isa = PBXBuildFile; fileRef = CBCCC21729F35C9400FFB9E0 /* Preview Assets.xcassets */; };
		CBCCC22229F35C9500FFB9E0 /* GitHub_PairsTests.swift in Sources */ = {isa = PBXBuildFile; fileRef = CBCCC22129F35C9500FFB9E0 /* GitHub_PairsTests.swift */; };
		CBCCC22C29F35C9500FFB9E0 /* GitHub_PairsUITests.swift in Sources */ = {isa = PBXBuildFile; fileRef = CBCCC22B29F35C9500FFB9E0 /* GitHub_PairsUITests.swift */; };
		CBCCC22E29F35C9500FFB9E0 /* GitHub_PairsUITestsLaunchTests.swift in Sources */ = {isa = PBXBuildFile; fileRef = CBCCC22D29F35C9500FFB9E0 /* GitHub_PairsUITestsLaunchTests.swift */; };
/* End PBXBuildFile section */

/* Begin PBXContainerItemProxy section */
		CBCCC21E29F35C9500FFB9E0 /* PBXContainerItemProxy */ = {
			isa = PBXContainerItemProxy;
			containerPortal = CBCCC20529F35C9200FFB9E0 /* Project object */;
			proxyType = 1;
			remoteGlobalIDString = CBCCC20C29F35C9200FFB9E0;
			remoteInfo = "GitHub Pairs";
		};
		CBCCC22829F35C9500FFB9E0 /* PBXContainerItemProxy */ = {
			isa = PBXContainerItemProxy;
			containerPortal = CBCCC20529F35C9200FFB9E0 /* Project object */;
			proxyType = 1;
			remoteGlobalIDString = CBCCC20C29F35C9200FFB9E0;
			remoteInfo = "GitHub Pairs";
		};
/* End PBXContainerItemProxy section */

/* Begin PBXFileReference section */
		CBCCC20D29F35C9200FFB9E0 /* GitHub Pairs.app */ = {isa = PBXFileReference; explicitFileType = wrapper.application; includeInIndex = 0; path = "GitHub Pairs.app"; sourceTree = BUILT_PRODUCTS_DIR; };
		CBCCC21029F35C9200FFB9E0 /* GitHub_PairsApp.swift */ = {isa = PBXFileReference; lastKnownFileType = sourcecode.swift; path = GitHub_PairsApp.swift; sourceTree = "<group>"; };
		CBCCC21229F35C9200FFB9E0 /* ContentView.swift */ = {isa = PBXFileReference; lastKnownFileType = sourcecode.swift; path = ContentView.swift; sourceTree = "<group>"; };
		CBCCC21429F35C9400FFB9E0 /* Assets.xcassets */ = {isa = PBXFileReference; lastKnownFileType = folder.assetcatalog; path = Assets.xcassets; sourceTree = "<group>"; };
		CBCCC21729F35C9400FFB9E0 /* Preview Assets.xcassets */ = {isa = PBXFileReference; lastKnownFileType = folder.assetcatalog; path = "Preview Assets.xcassets"; sourceTree = "<group>"; };
		CBCCC21D29F35C9500FFB9E0 /* GitHub PairsTests.xctest */ = {isa = PBXFileReference; explicitFileType = wrapper.cfbundle; includeInIndex = 0; path = "GitHub PairsTests.xctest"; sourceTree = BUILT_PRODUCTS_DIR; };
		CBCCC22129F35C9500FFB9E0 /* GitHub_PairsTests.swift */ = {isa = PBXFileReference; lastKnownFileType = sourcecode.swift; path = GitHub_PairsTests.swift; sourceTree = "<group>"; };
		CBCCC22729F35C9500FFB9E0 /* GitHub PairsUITests.xctest */ = {isa = PBXFileReference; explicitFileType = wrapper.cfbundle; includeInIndex = 0; path = "GitHub PairsUITests.xctest"; sourceTree = BUILT_PRODUCTS_DIR; };
		CBCCC22B29F35C9500FFB9E0 /* GitHub_PairsUITests.swift */ = {isa = PBXFileReference; lastKnownFileType = sourcecode.swift; path = GitHub_PairsUITests.swift; sourceTree = "<group>"; };
		CBCCC22D29F35C9500FFB9E0 /* GitHub_PairsUITestsLaunchTests.swift */ = {isa = PBXFileReference; lastKnownFileType = sourcecode.swift; path = GitHub_PairsUITestsLaunchTests.swift; sourceTree = "<group>"; };
/* End PBXFileReference section */

/* Begin PBXFrameworksBuildPhase section */
		CBCCC20A29F35C9200FFB9E0 /* Frameworks */ = {
			isa = PBXFrameworksBuildPhase;
			buildActionMask = 2147483647;
			files = (
			);
			runOnlyForDeploymentPostprocessing = 0;
		};
		CBCCC21A29F35C9500FFB9E0 /* Frameworks */ = {
			isa = PBXFrameworksBuildPhase;
			buildActionMask = 2147483647;
			files = (
			);
			runOnlyForDeploymentPostprocessing = 0;
		};
		CBCCC22429F35C9500FFB9E0 /* Frameworks */ = {
			isa = PBXFrameworksBuildPhase;
			buildActionMask = 2147483647;
			files = (
			);
			runOnlyForDeploymentPostprocessing = 0;
		};
/* End PBXFrameworksBuildPhase section */

/* Begin PBXGroup section */
		CBCCC20429F35C9200FFB9E0 = {
			isa = PBXGroup;
			children = (
				CBCCC20F29F35C9200FFB9E0 /* GitHub Pairs */,
				CBCCC22029F35C9500FFB9E0 /* GitHub PairsTests */,
				CBCCC22A29F35C9500FFB9E0 /* GitHub PairsUITests */,
				CBCCC20E29F35C9200FFB9E0 /* Products */,
			);
			sourceTree = "<group>";
		};
		CBCCC20E29F35C9200FFB9E0 /* Products */ = {
			isa = PBXGroup;
			children = (
				CBCCC20D29F35C9200FFB9E0 /* GitHub Pairs.app */,
				CBCCC21D29F35C9500FFB9E0 /* GitHub PairsTests.xctest */,
				CBCCC22729F35C9500FFB9E0 /* GitHub PairsUITests.xctest */,
			);
			name = Products;
			sourceTree = "<group>";
		};
		CBCCC20F29F35C9200FFB9E0 /* GitHub Pairs */ = {
			isa = PBXGroup;
			children = (
				CBCCC21029F35C9200FFB9E0 /* GitHub_PairsApp.swift */,
				CBCCC21229F35C9200FFB9E0 /* ContentView.swift */,
				CBCCC21429F35C9400FFB9E0 /* Assets.xcassets */,
				CBCCC21629F35C9400FFB9E0 /* Preview Content */,
			);
			path = "GitHub Pairs";
			sourceTree = "<group>";
		};
		CBCCC21629F35C9400FFB9E0 /* Preview Content */ = {
			isa = PBXGroup;
			children = (
				CBCCC21729F35C9400FFB9E0 /* Preview Assets.xcassets */,
			);
			path = "Preview Content";
			sourceTree = "<group>";
		};
		CBCCC22029F35C9500FFB9E0 /* GitHub PairsTests */ = {
			isa = PBXGroup;
			children = (
				CBCCC22129F35C9500FFB9E0 /* GitHub_PairsTests.swift */,
			);
			path = "GitHub PairsTests";
			sourceTree = "<group>";
		};
		CBCCC22A29F35C9500FFB9E0 /* GitHub PairsUITests */ = {
			isa = PBXGroup;
			children = (
				CBCCC22B29F35C9500FFB9E0 /* GitHub_PairsUITests.swift */,
				CBCCC22D29F35C9500FFB9E0 /* GitHub_PairsUITestsLaunchTests.swift */,
			);
			path = "GitHub PairsUITests";
			sourceTree = "<group>";
		};
/* End PBXGroup section */

/* Begin PBXNativeTarget section */
		CBCCC20C29F35C9200FFB9E0 /* GitHub Pairs */ = {
			isa = PBXNativeTarget;
			buildConfigurationList = CBCCC23129F35C9500FFB9E0 /* Build configuration list for PBXNativeTarget "GitHub Pairs" */;
			buildPhases = (
				CBCCC20929F35C9200FFB9E0 /* Sources */,
				CBCCC20A29F35C9200FFB9E0 /* Frameworks */,
				CBCCC20B29F35C9200FFB9E0 /* Resources */,
			);
			buildRules = (
			);
			dependencies = (
			);
			name = "GitHub Pairs";
			productName = "GitHub Pairs";
			productReference = CBCCC20D29F35C9200FFB9E0 /* GitHub Pairs.app */;
			productType = "com.apple.product-type.application";
		};
		CBCCC21C29F35C9500FFB9E0 /* GitHub PairsTests */ = {
			isa = PBXNativeTarget;
			buildConfigurationList = CBCCC23429F35C9500FFB9E0 /* Build configuration list for PBXNativeTarget "GitHub PairsTests" */;
			buildPhases = (
				CBCCC21929F35C9500FFB9E0 /* Sources */,
				CBCCC21A29F35C9500FFB9E0 /* Frameworks */,
				CBCCC21B29F35C9500FFB9E0 /* Resources */,
			);
			buildRules = (
			);
			dependencies = (
				CBCCC21F29F35C9500FFB9E0 /* PBXTargetDependency */,
			);
			name = "GitHub PairsTests";
			productName = "GitHub PairsTests";
			productReference = CBCCC21D29F35C9500FFB9E0 /* GitHub PairsTests.xctest */;
			productType = "com.apple.product-type.bundle.unit-test";
		};
		CBCCC22629F35C9500FFB9E0 /* GitHub PairsUITests */ = {
			isa = PBXNativeTarget;
			buildConfigurationList = CBCCC23729F35C9500FFB9E0 /* Build configuration list for PBXNativeTarget "GitHub PairsUITests" */;
			buildPhases = (
				CBCCC22329F35C9500FFB9E0 /* Sources */,
				CBCCC22429F35C9500FFB9E0 /* Frameworks */,
				CBCCC22529F35C9500FFB9E0 /* Resources */,
			);
			buildRules = (
			);
			dependencies = (
				CBCCC22929F35C9500FFB9E0 /* PBXTargetDependency */,
			);
			name = "GitHub PairsUITests";
			productName = "GitHub PairsUITests";
			productReference = CBCCC22729F35C9500FFB9E0 /* GitHub PairsUITests.xctest */;
			productType = "com.apple.product-type.bundle.ui-testing";
		};
/* End PBXNativeTarget section */

/* Begin PBXProject section */
		CBCCC20529F35C9200FFB9E0 /* Project object */ = {
			isa = PBXProject;
			attributes = {
				BuildIndependentTargetsInParallel = 1;
				LastSwiftUpdateCheck = 1430;
				LastUpgradeCheck = 1430;
				TargetAttributes = {
					CBCCC20C29F35C9200FFB9E0 = {
						CreatedOnToolsVersion = 14.3;
					};
					CBCCC21C29F35C9500FFB9E0 = {
						CreatedOnToolsVersion = 14.3;
						TestTargetID = CBCCC20C29F35C9200FFB9E0;
					};
					CBCCC22629F35C9500FFB9E0 = {
						CreatedOnToolsVersion = 14.3;
						TestTargetID = CBCCC20C29F35C9200FFB9E0;
					};
				};
			};
			buildConfigurationList = CBCCC20829F35C9200FFB9E0 /* Build configuration list for PBXProject "GitHub Pairs" */;
			compatibilityVersion = "Xcode 14.0";
			developmentRegion = en;
			hasScannedForEncodings = 0;
			knownRegions = (
				en,
				Base,
			);
			mainGroup = CBCCC20429F35C9200FFB9E0;
			productRefGroup = CBCCC20E29F35C9200FFB9E0 /* Products */;
			projectDirPath = "";
			projectRoot = "";
			targets = (
				CBCCC20C29F35C9200FFB9E0 /* GitHub Pairs */,
				CBCCC21C29F35C9500FFB9E0 /* GitHub PairsTests */,
				CBCCC22629F35C9500FFB9E0 /* GitHub PairsUITests */,
			);
		};
/* End PBXProject section */

/* Begin PBXResourcesBuildPhase section */
		CBCCC20B29F35C9200FFB9E0 /* Resources */ = {
			isa = PBXResourcesBuildPhase;
			buildActionMask = 2147483647;
			files = (
				CBCCC21829F35C9400FFB9E0 /* Preview Assets.xcassets in Resources */,
				CBCCC21529F35C9400FFB9E0 /* Assets.xcassets in Resources */,
			);
			runOnlyForDeploymentPostprocessing = 0;
		};
		CBCCC21B29F35C9500FFB9E0 /* Resources */ = {
			isa = PBXResourcesBuildPhase;
			buildActionMask = 2147483647;
			files = (
			);
			runOnlyForDeploymentPostprocessing = 0;
		};
		CBCCC22529F35C9500FFB9E0 /* Resources */ = {
			isa = PBXResourcesBuildPhase;
			buildActionMask = 2147483647;
			files = (
			);
			runOnlyForDeploymentPostprocessing = 0;
		};
/* End PBXResourcesBuildPhase section */

/* Begin PBXSourcesBuildPhase section */
		CBCCC20929F35C9200FFB9E0 /* Sources */ = {
			isa = PBXSourcesBuildPhase;
			buildActionMask = 2147483647;
			files = (
				CBCCC21329F35C9200FFB9E0 /* ContentView.swift in Sources */,
				CBCCC21129F35C9200FFB9E0 /* GitHub_PairsApp.swift in Sources */,
			);
			runOnlyForDeploymentPostprocessing = 0;
		};
		CBCCC21929F35C9500FFB9E0 /* Sources */ = {
			isa = PBXSourcesBuildPhase;
			buildActionMask = 2147483647;
			files = (
				CBCCC22229F35C9500FFB9E0 /* GitHub_PairsTests.swift in Sources */,
			);
			runOnlyForDeploymentPostprocessing = 0;
		};
		CBCCC22329F35C9500FFB9E0 /* Sources */ = {
			isa = PBXSourcesBuildPhase;
			buildActionMask = 2147483647;
			files = (
				CBCCC22C29F35C9500FFB9E0 /* GitHub_PairsUITests.swift in Sources */,
				CBCCC22E29F35C9500FFB9E0 /* GitHub_PairsUITestsLaunchTests.swift in Sources */,
			);
			runOnlyForDeploymentPostprocessing = 0;
		};
/* End PBXSourcesBuildPhase section */

/* Begin PBXTargetDependency section */
		CBCCC21F29F35C9500FFB9E0 /* PBXTargetDependency */ = {
			isa = PBXTargetDependency;
			target = CBCCC20C29F35C9200FFB9E0 /* GitHub Pairs */;
			targetProxy = CBCCC21E29F35C9500FFB9E0 /* PBXContainerItemProxy */;
		};
		CBCCC22929F35C9500FFB9E0 /* PBXTargetDependency */ = {
			isa = PBXTargetDependency;
			target = CBCCC20C29F35C9200FFB9E0 /* GitHub Pairs */;
			targetProxy = CBCCC22829F35C9500FFB9E0 /* PBXContainerItemProxy */;
		};
/* End PBXTargetDependency section */

/* Begin XCBuildConfiguration section */
		CBCCC22F29F35C9500FFB9E0 /* Debug */ = {
			isa = XCBuildConfiguration;
			buildSettings = {
				ALWAYS_SEARCH_USER_PATHS = NO;
				CLANG_ANALYZER_NONNULL = YES;
				CLANG_ANALYZER_NUMBER_OBJECT_CONVERSION = YES_AGGRESSIVE;
				CLANG_CXX_LANGUAGE_STANDARD = "gnu++20";
				CLANG_ENABLE_MODULES = YES;
				CLANG_ENABLE_OBJC_ARC = YES;
				CLANG_ENABLE_OBJC_WEAK = YES;
				CLANG_WARN_BLOCK_CAPTURE_AUTORELEASING = YES;
				CLANG_WARN_BOOL_CONVERSION = YES;
				CLANG_WARN_COMMA = YES;
				CLANG_WARN_CONSTANT_CONVERSION = YES;
				CLANG_WARN_DEPRECATED_OBJC_IMPLEMENTATIONS = YES;
				CLANG_WARN_DIRECT_OBJC_ISA_USAGE = YES_ERROR;
				CLANG_WARN_DOCUMENTATION_COMMENTS = YES;
				CLANG_WARN_EMPTY_BODY = YES;
				CLANG_WARN_ENUM_CONVERSION = YES;
				CLANG_WARN_INFINITE_RECURSION = YES;
				CLANG_WARN_INT_CONVERSION = YES;
				CLANG_WARN_NON_LITERAL_NULL_CONVERSION = YES;
				CLANG_WARN_OBJC_IMPLICIT_RETAIN_SELF = YES;
				CLANG_WARN_OBJC_LITERAL_CONVERSION = YES;
				CLANG_WARN_OBJC_ROOT_CLASS = YES_ERROR;
				CLANG_WARN_QUOTED_INCLUDE_IN_FRAMEWORK_HEADER = YES;
				CLANG_WARN_RANGE_LOOP_ANALYSIS = YES;
				CLANG_WARN_STRICT_PROTOTYPES = YES;
				CLANG_WARN_SUSPICIOUS_MOVE = YES;
				CLANG_WARN_UNGUARDED_AVAILABILITY = YES_AGGRESSIVE;
				CLANG_WARN_UNREACHABLE_CODE = YES;
				CLANG_WARN__DUPLICATE_METHOD_MATCH = YES;
				COPY_PHASE_STRIP = NO;
				DEBUG_INFORMATION_FORMAT = dwarf;
				ENABLE_STRICT_OBJC_MSGSEND = YES;
				ENABLE_TESTABILITY = YES;
				GCC_C_LANGUAGE_STANDARD = gnu11;
				GCC_DYNAMIC_NO_PIC = NO;
				GCC_NO_COMMON_BLOCKS = YES;
				GCC_OPTIMIZATION_LEVEL = 0;
				GCC_PREPROCESSOR_DEFINITIONS = (
					"DEBUG=1",
					"$(inherited)",
				);
				GCC_WARN_64_TO_32_BIT_CONVERSION = YES;
				GCC_WARN_ABOUT_RETURN_TYPE = YES_ERROR;
				GCC_WARN_UNDECLARED_SELECTOR = YES;
				GCC_WARN_UNINITIALIZED_AUTOS = YES_AGGRESSIVE;
				GCC_WARN_UNUSED_FUNCTION = YES;
				GCC_WARN_UNUSED_VARIABLE = YES;
				IPHONEOS_DEPLOYMENT_TARGET = 16.4;
				MTL_ENABLE_DEBUG_INFO = INCLUDE_SOURCE;
				MTL_FAST_MATH = YES;
				ONLY_ACTIVE_ARCH = YES;
				SDKROOT = iphoneos;
				SWIFT_ACTIVE_COMPILATION_CONDITIONS = DEBUG;
				SWIFT_OPTIMIZATION_LEVEL = "-Onone";
			};
			name = Debug;
		};
		CBCCC23029F35C9500FFB9E0 /* Release */ = {
			isa = XCBuildConfiguration;
			buildSettings = {
				ALWAYS_SEARCH_USER_PATHS = NO;
				CLANG_ANALYZER_NONNULL = YES;
				CLANG_ANALYZER_NUMBER_OBJECT_CONVERSION = YES_AGGRESSIVE;
				CLANG_CXX_LANGUAGE_STANDARD = "gnu++20";
				CLANG_ENABLE_MODULES = YES;
				CLANG_ENABLE_OBJC_ARC = YES;
				CLANG_ENABLE_OBJC_WEAK = YES;
				CLANG_WARN_BLOCK_CAPTURE_AUTORELEASING = YES;
				CLANG_WARN_BOOL_CONVERSION = YES;
				CLANG_WARN_COMMA = YES;
				CLANG_WARN_CONSTANT_CONVERSION = YES;
				CLANG_WARN_DEPRECATED_OBJC_IMPLEMENTATIONS = YES;
				CLANG_WARN_DIRECT_OBJC_ISA_USAGE = YES_ERROR;
				CLANG_WARN_DOCUMENTATION_COMMENTS = YES;
				CLANG_WARN_EMPTY_BODY = YES;
				CLANG_WARN_ENUM_CONVERSION = YES;
				CLANG_WARN_INFINITE_RECURSION = YES;
				CLANG_WARN_INT_CONVERSION = YES;
				CLANG_WARN_NON_LITERAL_NULL_CONVERSION = YES;
				CLANG_WARN_OBJC_IMPLICIT_RETAIN_SELF = YES;
				CLANG_WARN_OBJC_LITERAL_CONVERSION = YES;
				CLANG_WARN_OBJC_ROOT_CLASS = YES_ERROR;
				CLANG_WARN_QUOTED_INCLUDE_IN_FRAMEWORK_HEADER = YES;
				CLANG_WARN_RANGE_LOOP_ANALYSIS = YES;
				CLANG_WARN_STRICT_PROTOTYPES = YES;
				CLANG_WARN_SUSPICIOUS_MOVE = YES;
				CLANG_WARN_UNGUARDED_AVAILABILITY = YES_AGGRESSIVE;
				CLANG_WARN_UNREACHABLE_CODE = YES;
				CLANG_WARN__DUPLICATE_METHOD_MATCH = YES;
				COPY_PHASE_STRIP = NO;
				DEBUG_INFORMATION_FORMAT = "dwarf-with-dsym";
				ENABLE_NS_ASSERTIONS = NO;
				ENABLE_STRICT_OBJC_MSGSEND = YES;
				GCC_C_LANGUAGE_STANDARD = gnu11;
				GCC_NO_COMMON_BLOCKS = YES;
				GCC_WARN_64_TO_32_BIT_CONVERSION = YES;
				GCC_WARN_ABOUT_RETURN_TYPE = YES_ERROR;
				GCC_WARN_UNDECLARED_SELECTOR = YES;
				GCC_WARN_UNINITIALIZED_AUTOS = YES_AGGRESSIVE;
				GCC_WARN_UNUSED_FUNCTION = YES;
				GCC_WARN_UNUSED_VARIABLE = YES;
				IPHONEOS_DEPLOYMENT_TARGET = 16.4;
				MTL_ENABLE_DEBUG_INFO = NO;
				MTL_FAST_MATH = YES;
				SDKROOT = iphoneos;
				SWIFT_COMPILATION_MODE = wholemodule;
				SWIFT_OPTIMIZATION_LEVEL = "-O";
				VALIDATE_PRODUCT = YES;
			};
			name = Release;
		};
		CBCCC23229F35C9500FFB9E0 /* Debug */ = {
			isa = XCBuildConfiguration;
			buildSettings = {
				ASSETCATALOG_COMPILER_APPICON_NAME = AppIcon;
				ASSETCATALOG_COMPILER_GLOBAL_ACCENT_COLOR_NAME = AccentColor;
				CODE_SIGN_STYLE = Automatic;
				CURRENT_PROJECT_VERSION = 1;
				DEVELOPMENT_ASSET_PATHS = "\"GitHub Pairs/Preview Content\"";
				DEVELOPMENT_TEAM = X3WVV829PD;
				ENABLE_PREVIEWS = YES;
				GENERATE_INFOPLIST_FILE = YES;
				INFOPLIST_KEY_UIApplicationSceneManifest_Generation = YES;
				INFOPLIST_KEY_UIApplicationSupportsIndirectInputEvents = YES;
				INFOPLIST_KEY_UILaunchScreen_Generation = YES;
				INFOPLIST_KEY_UISupportedInterfaceOrientations_iPad = "UIInterfaceOrientationPortrait UIInterfaceOrientationPortraitUpsideDown UIInterfaceOrientationLandscapeLeft UIInterfaceOrientationLandscapeRight";
				INFOPLIST_KEY_UISupportedInterfaceOrientations_iPhone = "UIInterfaceOrientationPortrait UIInterfaceOrientationLandscapeLeft UIInterfaceOrientationLandscapeRight";
				LD_RUNPATH_SEARCH_PATHS = (
					"$(inherited)",
					"@executable_path/Frameworks",
				);
				MARKETING_VERSION = 1.0;
				PRODUCT_BUNDLE_IDENTIFIER = "kwk.GitHub-Pairs";
				PRODUCT_NAME = "$(TARGET_NAME)";
				SWIFT_EMIT_LOC_STRINGS = YES;
				SWIFT_VERSION = 5.0;
				TARGETED_DEVICE_FAMILY = "1,2";
			};
			name = Debug;
		};
		CBCCC23329F35C9500FFB9E0 /* Release */ = {
			isa = XCBuildConfiguration;
			buildSettings = {
				ASSETCATALOG_COMPILER_APPICON_NAME = AppIcon;
				ASSETCATALOG_COMPILER_GLOBAL_ACCENT_COLOR_NAME = AccentColor;
				CODE_SIGN_STYLE = Automatic;
				CURRENT_PROJECT_VERSION = 1;
				DEVELOPMENT_ASSET_PATHS = "\"GitHub Pairs/Preview Content\"";
				DEVELOPMENT_TEAM = X3WVV829PD;
				ENABLE_PREVIEWS = YES;
				GENERATE_INFOPLIST_FILE = YES;
				INFOPLIST_KEY_UIApplicationSceneManifest_Generation = YES;
				INFOPLIST_KEY_UIApplicationSupportsIndirectInputEvents = YES;
				INFOPLIST_KEY_UILaunchScreen_Generation = YES;
				INFOPLIST_KEY_UISupportedInterfaceOrientations_iPad = "UIInterfaceOrientationPortrait UIInterfaceOrientationPortraitUpsideDown UIInterfaceOrientationLandscapeLeft UIInterfaceOrientationLandscapeRight";
				INFOPLIST_KEY_UISupportedInterfaceOrientations_iPhone = "UIInterfaceOrientationPortrait UIInterfaceOrientationLandscapeLeft UIInterfaceOrientationLandscapeRight";
				LD_RUNPATH_SEARCH_PATHS = (
					"$(inherited)",
					"@executable_path/Frameworks",
				);
				MARKETING_VERSION = 1.0;
				PRODUCT_BUNDLE_IDENTIFIER = "kwk.GitHub-Pairs";
				PRODUCT_NAME = "$(TARGET_NAME)";
				SWIFT_EMIT_LOC_STRINGS = YES;
				SWIFT_VERSION = 5.0;
				TARGETED_DEVICE_FAMILY = "1,2";
			};
			name = Release;
		};
		CBCCC23529F35C9500FFB9E0 /* Debug */ = {
			isa = XCBuildConfiguration;
			buildSettings = {
				ALWAYS_EMBED_SWIFT_STANDARD_LIBRARIES = YES;
				BUNDLE_LOADER = "$(TEST_HOST)";
				CODE_SIGN_STYLE = Automatic;
				CURRENT_PROJECT_VERSION = 1;
				DEVELOPMENT_TEAM = X3WVV829PD;
				GENERATE_INFOPLIST_FILE = YES;
				IPHONEOS_DEPLOYMENT_TARGET = 16.4;
				MARKETING_VERSION = 1.0;
				PRODUCT_BUNDLE_IDENTIFIER = "kwk.GitHub-PairsTests";
				PRODUCT_NAME = "$(TARGET_NAME)";
				SWIFT_EMIT_LOC_STRINGS = NO;
				SWIFT_VERSION = 5.0;
				TARGETED_DEVICE_FAMILY = "1,2";
				TEST_HOST = "$(BUILT_PRODUCTS_DIR)/GitHub Pairs.app/$(BUNDLE_EXECUTABLE_FOLDER_PATH)/GitHub Pairs";
			};
			name = Debug;
		};
		CBCCC23629F35C9500FFB9E0 /* Release */ = {
			isa = XCBuildConfiguration;
			buildSettings = {
				ALWAYS_EMBED_SWIFT_STANDARD_LIBRARIES = YES;
				BUNDLE_LOADER = "$(TEST_HOST)";
				CODE_SIGN_STYLE = Automatic;
				CURRENT_PROJECT_VERSION = 1;
				DEVELOPMENT_TEAM = X3WVV829PD;
				GENERATE_INFOPLIST_FILE = YES;
				IPHONEOS_DEPLOYMENT_TARGET = 16.4;
				MARKETING_VERSION = 1.0;
				PRODUCT_BUNDLE_IDENTIFIER = "kwk.GitHub-PairsTests";
				PRODUCT_NAME = "$(TARGET_NAME)";
				SWIFT_EMIT_LOC_STRINGS = NO;
				SWIFT_VERSION = 5.0;
				TARGETED_DEVICE_FAMILY = "1,2";
				TEST_HOST = "$(BUILT_PRODUCTS_DIR)/GitHub Pairs.app/$(BUNDLE_EXECUTABLE_FOLDER_PATH)/GitHub Pairs";
			};
			name = Release;
		};
		CBCCC23829F35C9500FFB9E0 /* Debug */ = {
			isa = XCBuildConfiguration;
			buildSettings = {
				ALWAYS_EMBED_SWIFT_STANDARD_LIBRARIES = YES;
				CODE_SIGN_STYLE = Automatic;
				CURRENT_PROJECT_VERSION = 1;
				DEVELOPMENT_TEAM = X3WVV829PD;
				GENERATE_INFOPLIST_FILE = YES;
				MARKETING_VERSION = 1.0;
				PRODUCT_BUNDLE_IDENTIFIER = "kwk.GitHub-PairsUITests";
				PRODUCT_NAME = "$(TARGET_NAME)";
				SWIFT_EMIT_LOC_STRINGS = NO;
				SWIFT_VERSION = 5.0;
				TARGETED_DEVICE_FAMILY = "1,2";
				TEST_TARGET_NAME = "GitHub Pairs";
			};
			name = Debug;
		};
		CBCCC23929F35C9500FFB9E0 /* Release */ = {
			isa = XCBuildConfiguration;
			buildSettings = {
				ALWAYS_EMBED_SWIFT_STANDARD_LIBRARIES = YES;
				CODE_SIGN_STYLE = Automatic;
				CURRENT_PROJECT_VERSION = 1;
				DEVELOPMENT_TEAM = X3WVV829PD;
				GENERATE_INFOPLIST_FILE = YES;
				MARKETING_VERSION = 1.0;
				PRODUCT_BUNDLE_IDENTIFIER = "kwk.GitHub-PairsUITests";
				PRODUCT_NAME = "$(TARGET_NAME)";
				SWIFT_EMIT_LOC_STRINGS = NO;
				SWIFT_VERSION = 5.0;
				TARGETED_DEVICE_FAMILY = "1,2";
				TEST_TARGET_NAME = "GitHub Pairs";
			};
			name = Release;
		};
/* End XCBuildConfiguration section */

/* Begin XCConfigurationList section */
		CBCCC20829F35C9200FFB9E0 /* Build configuration list for PBXProject "GitHub Pairs" */ = {
			isa = XCConfigurationList;
			buildConfigurations = (
				CBCCC22F29F35C9500FFB9E0 /* Debug */,
				CBCCC23029F35C9500FFB9E0 /* Release */,
			);
			defaultConfigurationIsVisible = 0;
			defaultConfigurationName = Release;
		};
		CBCCC23129F35C9500FFB9E0 /* Build configuration list for PBXNativeTarget "GitHub Pairs" */ = {
			isa = XCConfigurationList;
			buildConfigurations = (
				CBCCC23229F35C9500FFB9E0 /* Debug */,
				CBCCC23329F35C9500FFB9E0 /* Release */,
			);
			defaultConfigurationIsVisible = 0;
			defaultConfigurationName = Release;
		};
		CBCCC23429F35C9500FFB9E0 /* Build configuration list for PBXNativeTarget "GitHub PairsTests" */ = {
			isa = XCConfigurationList;
			buildConfigurations = (
				CBCCC23529F35C9500FFB9E0 /* Debug */,
				CBCCC23629F35C9500FFB9E0 /* Release */,
			);
			defaultConfigurationIsVisible = 0;
			defaultConfigurationName = Release;
		};
		CBCCC23729F35C9500FFB9E0 /* Build configuration list for PBXNativeTarget "GitHub PairsUITests" */ = {
			isa = XCConfigurationList;
			buildConfigurations = (
				CBCCC23829F35C9500FFB9E0 /* Debug */,
				CBCCC23929F35C9500FFB9E0 /* Release */,
			);
			defaultConfigurationIsVisible = 0;
			defaultConfigurationName = Release;
		};
/* End XCConfigurationList section */
	};
	rootObject = CBCCC20529F35C9200FFB9E0 /* Project object */;
}
